Microsoft Visual Studio Solution File, Format Version 12.00
# Visual Studio Version 17
VisualStudioVersion = 17.1.32210.238
MinimumVisualStudioVersion = 10.0.40219.1
Project("{FAE04EC0-301F-11D3-BF4B-00C04F79EFBC}") = "SeparateTemp", "SeparateTemp\SeparateTemp.csproj", "{7682D32C-C891-491F-B7D0-2140680C2F8F}"
EndProject
Project("{FAE04EC0-301F-11D3-BF4B-00C04F79EFBC}") = "AIDisabler", "AIDisabler\AIDisabler.csproj", "{0541DA8E-AD85-43EE-A9CF-A0053EB4DDAD}"
EndProject
Project("{FAE04EC0-301F-11D3-BF4B-00C04F79EFBC}") = "SPTMod", "SPTMod\SPTMod.csproj", "{20F00A61-A092-4A74-A08A-44E13C06FD4A}"
EndProject
Project("{FAE04EC0-301F-11D3-BF4B-00C04F79EFBC}") = "NexAPI", "NexAPI\NexAPI.csproj", "{66E29F04-395E-41AD-879E-E2D94C4540A1}"
EndProject
Project("{FAE04EC0-301F-11D3-BF4B-00C04F79EFBC}") = "SeparateConfig", "SeparateConfig\SeparateConfig.csproj", "{2EE5DEB9-1B42-47DE-BF55-2075370D3648}"
EndProject
Global
	GlobalSection(SolutionConfigurationPlatforms) = preSolution
		Debug x64|AMD64 = Debug x64|AMD64
		Debug x64|Any CPU = Debug x64|Any CPU
		Debug|AMD64 = Debug|AMD64
		Debug|Any CPU = Debug|Any CPU
		Release|AMD64 = Release|AMD64
		Release|Any CPU = Release|Any CPU
	EndGlobalSection
	GlobalSection(ProjectConfigurationPlatforms) = postSolution
		{7682D32C-C891-491F-B7D0-2140680C2F8F}.Debug x64|AMD64.ActiveCfg = Debug x64|AMD64
		{7682D32C-C891-491F-B7D0-2140680C2F8F}.Debug x64|AMD64.Build.0 = Debug x64|AMD64
		{7682D32C-C891-491F-B7D0-2140680C2F8F}.Debug x64|Any CPU.ActiveCfg = Debug x64|Any CPU
		{7682D32C-C891-491F-B7D0-2140680C2F8F}.Debug x64|Any CPU.Build.0 = Debug x64|Any CPU
		{7682D32C-C891-491F-B7D0-2140680C2F8F}.Debug|AMD64.ActiveCfg = Debug|AMD64
		{7682D32C-C891-491F-B7D0-2140680C2F8F}.Debug|AMD64.Build.0 = Debug|AMD64
		{7682D32C-C891-491F-B7D0-2140680C2F8F}.Debug|Any CPU.ActiveCfg = Debug|Any CPU
		{7682D32C-C891-491F-B7D0-2140680C2F8F}.Debug|Any CPU.Build.0 = Debug|Any CPU
		{7682D32C-C891-491F-B7D0-2140680C2F8F}.Release|AMD64.ActiveCfg = Release|AMD64
		{7682D32C-C891-491F-B7D0-2140680C2F8F}.Release|AMD64.Build.0 = Release|AMD64
		{7682D32C-C891-491F-B7D0-2140680C2F8F}.Release|Any CPU.ActiveCfg = Release|Any CPU
		{7682D32C-C891-491F-B7D0-2140680C2F8F}.Release|Any CPU.Build.0 = Release|Any CPU
		{0541DA8E-AD85-43EE-A9CF-A0053EB4DDAD}.Debug x64|AMD64.ActiveCfg = Debug x64|AMD64
		{0541DA8E-AD85-43EE-A9CF-A0053EB4DDAD}.Debug x64|AMD64.Build.0 = Debug x64|AMD64
		{0541DA8E-AD85-43EE-A9CF-A0053EB4DDAD}.Debug x64|Any CPU.ActiveCfg = Debug x64|Any CPU
		{0541DA8E-AD85-43EE-A9CF-A0053EB4DDAD}.Debug x64|Any CPU.Build.0 = Debug x64|Any CPU
		{0541DA8E-AD85-43EE-A9CF-A0053EB4DDAD}.Debug|AMD64.ActiveCfg = Debug|AMD64
		{0541DA8E-AD85-43EE-A9CF-A0053EB4DDAD}.Debug|AMD64.Build.0 = Debug|AMD64
		{0541DA8E-AD85-43EE-A9CF-A0053EB4DDAD}.Debug|Any CPU.ActiveCfg = Debug|Any CPU
		{0541DA8E-AD85-43EE-A9CF-A0053EB4DDAD}.Debug|Any CPU.Build.0 = Debug|Any CPU
		{0541DA8E-AD85-43EE-A9CF-A0053EB4DDAD}.Release|AMD64.ActiveCfg = Release|AMD64
		{0541DA8E-AD85-43EE-A9CF-A0053EB4DDAD}.Release|AMD64.Build.0 = Release|AMD64
		{0541DA8E-AD85-43EE-A9CF-A0053EB4DDAD}.Release|Any CPU.ActiveCfg = Release|Any CPU
		{0541DA8E-AD85-43EE-A9CF-A0053EB4DDAD}.Release|Any CPU.Build.0 = Release|Any CPU
		{20F00A61-A092-4A74-A08A-44E13C06FD4A}.Debug x64|AMD64.ActiveCfg = Debug|Any CPU
		{20F00A61-A092-4A74-A08A-44E13C06FD4A}.Debug x64|AMD64.Build.0 = Debug|Any CPU
		{20F00A61-A092-4A74-A08A-44E13C06FD4A}.Debug x64|Any CPU.ActiveCfg = Debug|Any CPU
		{20F00A61-A092-4A74-A08A-44E13C06FD4A}.Debug x64|Any CPU.Build.0 = Debug|Any CPU
		{20F00A61-A092-4A74-A08A-44E13C06FD4A}.Debug|AMD64.ActiveCfg = Debug|Any CPU
		{20F00A61-A092-4A74-A08A-44E13C06FD4A}.Debug|AMD64.Build.0 = Debug|Any CPU
		{20F00A61-A092-4A74-A08A-44E13C06FD4A}.Debug|Any CPU.ActiveCfg = Debug|Any CPU
		{20F00A61-A092-4A74-A08A-44E13C06FD4A}.Debug|Any CPU.Build.0 = Debug|Any CPU
		{20F00A61-A092-4A74-A08A-44E13C06FD4A}.Release|AMD64.ActiveCfg = Release|Any CPU
		{20F00A61-A092-4A74-A08A-44E13C06FD4A}.Release|AMD64.Build.0 = Release|Any CPU
		{20F00A61-A092-4A74-A08A-44E13C06FD4A}.Release|Any CPU.ActiveCfg = Release|Any CPU
		{20F00A61-A092-4A74-A08A-44E13C06FD4A}.Release|Any CPU.Build.0 = Release|Any CPU
		{66E29F04-395E-41AD-879E-E2D94C4540A1}.Debug x64|AMD64.ActiveCfg = Debug|Any CPU
		{66E29F04-395E-41AD-879E-E2D94C4540A1}.Debug x64|AMD64.Build.0 = Debug|Any CPU
		{66E29F04-395E-41AD-879E-E2D94C4540A1}.Debug x64|Any CPU.ActiveCfg = Debug|Any CPU
		{66E29F04-395E-41AD-879E-E2D94C4540A1}.Debug x64|Any CPU.Build.0 = Debug|Any CPU
		{66E29F04-395E-41AD-879E-E2D94C4540A1}.Debug|AMD64.ActiveCfg = Debug|Any CPU
		{66E29F04-395E-41AD-879E-E2D94C4540A1}.Debug|AMD64.Build.0 = Debug|Any CPU
		{66E29F04-395E-41AD-879E-E2D94C4540A1}.Debug|Any CPU.ActiveCfg = Debug|Any CPU
		{66E29F04-395E-41AD-879E-E2D94C4540A1}.Debug|Any CPU.Build.0 = Debug|Any CPU
		{66E29F04-395E-41AD-879E-E2D94C4540A1}.Release|AMD64.ActiveCfg = Release|Any CPU
		{66E29F04-395E-41AD-879E-E2D94C4540A1}.Release|AMD64.Build.0 = Release|Any CPU
		{66E29F04-395E-41AD-879E-E2D94C4540A1}.Release|Any CPU.ActiveCfg = Release|Any CPU
		{66E29F04-395E-41AD-879E-E2D94C4540A1}.Release|Any CPU.Build.0 = Release|Any CPU
		{2EE5DEB9-1B42-47DE-BF55-2075370D3648}.Debug x64|AMD64.ActiveCfg = Debug|Any CPU
		{2EE5DEB9-1B42-47DE-BF55-2075370D3648}.Debug x64|AMD64.Build.0 = Debug|Any CPU
		{2EE5DEB9-1B42-47DE-BF55-2075370D3648}.Debug x64|Any CPU.ActiveCfg = Debug|Any CPU
		{2EE5DEB9-1B42-47DE-BF55-2075370D3648}.Debug x64|Any CPU.Build.0 = Debug|Any CPU
		{2EE5DEB9-1B42-47DE-BF55-2075370D3648}.Debug|AMD64.ActiveCfg = Debug|Any CPU
		{2EE5DEB9-1B42-47DE-BF55-2075370D3648}.Debug|AMD64.Build.0 = Debug|Any CPU
		{2EE5DEB9-1B42-47DE-BF55-2075370D3648}.Debug|Any CPU.ActiveCfg = Debug|Any CPU
		{2EE5DEB9-1B42-47DE-BF55-2075370D3648}.Debug|Any CPU.Build.0 = Debug|Any CPU
		{2EE5DEB9-1B42-47DE-BF55-2075370D3648}.Release|AMD64.ActiveCfg = Release|Any CPU
		{2EE5DEB9-1B42-47DE-BF55-2075370D3648}.Release|AMD64.Build.0 = Release|Any CPU
		{2EE5DEB9-1B42-47DE-BF55-2075370D3648}.Release|Any CPU.ActiveCfg = Release|Any CPU
		{2EE5DEB9-1B42-47DE-BF55-2075370D3648}.Release|Any CPU.Build.0 = Release|Any CPU
	EndGlobalSection
	GlobalSection(SolutionProperties) = preSolution
		HideSolutionNode = FALSE
	EndGlobalSection
	GlobalSection(ExtensibilityGlobals) = postSolution
		SolutionGuid = {7289D575-C931-4022-9F70-616329F856D9}
	EndGlobalSection
EndGlobal
